
Microsoft Visual Studio Solution File, Format Version 12.00
# Visual Studio Version 17
VisualStudioVersion = 17.10.35122.118
MinimumVisualStudioVersion = 10.0.40219.1
Project("{FAE04EC0-301F-11D3-BF4B-00C04F79EFBC}") = "Tennis", "Tennis\Tennis.csproj", "{D6FE8E17-08CF-45A2-B911-DBA68D5F12B1}"
EndProject
Project("{FAE04EC0-301F-11D3-BF4B-00C04F79EFBC}") = "Tennis.Tests", "Tennis.Tests\Tennis.Tests.csproj", "{A35E9005-8BC0-4B44-9B56-E737BC8A4C03}"
EndProject
Global
	GlobalSection(SolutionConfigurationPlatforms) = preSolution
		Debug|Any CPU = Debug|Any CPU
		Release|Any CPU = Release|Any CPU
	EndGlobalSection
	GlobalSection(ProjectConfigurationPlatforms) = postSolution
		{D6FE8E17-08CF-45A2-B911-DBA68D5F12B1}.Debug|Any CPU.ActiveCfg = Debug|Any CPU
		{D6FE8E17-08CF-45A2-B911-DBA68D5F12B1}.Debug|Any CPU.Build.0 = Debug|Any CPU
		{D6FE8E17-08CF-45A2-B911-DBA68D5F12B1}.Release|Any CPU.ActiveCfg = Release|Any CPU
		{D6FE8E17-08CF-45A2-B911-DBA68D5F12B1}.Release|Any CPU.Build.0 = Release|Any CPU
		{A35E9005-8BC0-4B44-9B56-E737BC8A4C03}.Debug|Any CPU.ActiveCfg = Debug|Any CPU
		{A35E9005-8BC0-4B44-9B56-E737BC8A4C03}.Debug|Any CPU.Build.0 = Debug|Any CPU
		{A35E9005-8BC0-4B44-9B56-E737BC8A4C03}.Release|Any CPU.ActiveCfg = Release|Any CPU
		{A35E9005-8BC0-4B44-9B56-E737BC8A4C03}.Release|Any CPU.Build.0 = Release|Any CPU
	EndGlobalSection
	GlobalSection(SolutionProperties) = preSolution
		HideSolutionNode = FALSE
	EndGlobalSection
	GlobalSection(ExtensibilityGlobals) = postSolution
		SolutionGuid = {3E9C465E-7723-4DD3-A0B2-F90E6E0FD6FF}
	EndGlobalSection
EndGlobal
